PODS:
  - XJNavigationBarHidden (0.0.5)

DEPENDENCIES:
  - XJNavigationBarHidden (from `../`)

EXTERNAL SOURCES:
  XJNavigationBarHidden:
    :path: "../"

SPEC CHECKSUMS:
  XJNavigationBarHidden: ce65a8421f8d3fcf4b0c39fcc13239bfc70524a6

PODFILE CHECKSUM: d64cf2e24c2a0b9254356feabfdb7f7caff386b3

COCOAPODS: 1.5.3
